<?xml version="1.0" encoding="UTF-8" standalone="yes" ?>
<CodeBlocks_project_file>
	<FileVersion major="1" minor="6" />
	<Project>
		<Option title="MiGFury_1stEdition" />
		<Option pch_mode="2" />
		<Option compiler="gcc" />
		<Build>
			<Target title="Debug">
				<Option output="bin/Debug/MiGFury_1stEdition" prefix_auto="1" extension_auto="1" />
				<Option object_output="obj/Debug/" />
				<Option type="1" />
				<Option compiler="gcc" />
				<Compiler>
					<Add option="-g" />
					<Add directory="Core" />
					<Add directory="src/Core" />
					<Add directory="src/Graphics" />
					<Add directory="src/Object" />
					<Add directory="src/Physics" />
					<Add directory="src/Characters" />
					<Add directory="src/Animation" />
					<Add directory="src/Physic" />
					<Add directory="src" />
				</Compiler>
			</Target>
			<Target title="Release">
				<Option output="bin/Release/MiGFury_1stEdition" prefix_auto="1" extension_auto="1" />
				<Option object_output="obj/Release/" />
				<Option type="1" />
				<Option compiler="gcc" />
				<Compiler>
					<Add option="-O2" />
					<Add directory="Core" />
					<Add directory="src/Core" />
					<Add directory="src/Graphics" />
					<Add directory="src/Object" />
					<Add directory="src/Physics" />
					<Add directory="src/Characters" />
					<Add directory="src/Animation" />
					<Add directory="src/Physic" />
					<Add directory="src" />
				</Compiler>
				<Linker>
					<Add option="-s" />
				</Linker>
			</Target>
		</Build>
		<Compiler>
			<Add option="-Wall" />
			<Add option="-fexceptions" />
		</Compiler>
		<Unit filename="main.cpp" />
		<Unit filename="main.h" />
		<Unit filename="src/Core/Init.cpp" />
		<Unit filename="src/Core/Init.h" />
		<Unit filename="src/Core/Stage.cpp" />
		<Unit filename="src/Core/Stage.h" />
		<Unit filename="src/Core/background.cpp" />
		<Unit filename="src/Core/background.h" />
		<Unit filename="src/Core/highscores.cpp" />
		<Unit filename="src/Core/highscores.h" />
		<Unit filename="src/Core/input.cpp" />
		<Unit filename="src/Core/input.h" />
		<Unit filename="src/Core/sound.cpp" />
		<Unit filename="src/Core/sound.h" />
		<Unit filename="src/Core/structs.h" />
		<Unit filename="src/Graphics/draw.cpp" />
		<Unit filename="src/Graphics/draw.h" />
		<Unit filename="src/Graphics/text.cpp" />
		<Unit filename="src/Graphics/text.h" />
		<Unit filename="src/Physics/util.cpp" />
		<Unit filename="src/Physics/util.h" />
		<Unit filename="src/common.h" />
		<Unit filename="src/defs.h" />
		<Extensions />
	</Project>
</CodeBlocks_project_file>
